{
  "name": "skills",
  "lockfileVersion": 3,
  "requires": true,
  "packages": {
    "": {
      "name": "skills",
      "devDependencies": {
        "@alignfirst/workspace": "~0.34.0",
        "@paleo/docmap": "~0.9.1",
        "@paleo/plans-share": "~0.6.1"
      }
    },
    "node_modules/@alignfirst/workspace": {
      "version": "0.34.0",
      "resolved": "https://registry.npmjs.org/@alignfirst/workspace/-/workspace-0.34.0.tgz",
      "integrity": "sha512-AFLb62dZ5T1e8u0sheFkmkcODP1VL0j2kj7eRy9UjlspWCO5iAqgHrzRfQ9B03AEmEpirpeP/DmduQlsyU9xWA==",
      "dev": true,
      "license": "CC0-1.0",
      "engines": {
        "node": ">=22.11.0"
      }
    },
    "node_modules/@paleo/docmap": {
      "version": "0.9.1",
      "resolved": "https://registry.npmjs.org/@paleo/docmap/-/docmap-0.9.1.tgz",
      "integrity": "sha512-Wag6iXxyTGVeQ4/bVrHA0mI2y1KeZ5QEb+X/bQzNoyzO8mg38qvi+J2J1ajujj81CV+DWJPXtdoE+Kc159rowA==",
      "dev": true,
      "license": "CC0-1.0",
      "bin": {
        "docmap": "bin/docmap.mjs"
      },
      "engines": {
        "node": ">=22.11.0"
      }
    },
    "node_modules/@paleo/plans-share": {
      "version": "0.6.1",
      "resolved": "https://registry.npmjs.org/@paleo/plans-share/-/plans-share-0.6.1.tgz",
      "integrity": "sha512-CdVDHVOghhRe9OWgq6T+exkev8ozBvEUmzJURHhZpSFunPgDCi6TR+jQtRH23MG2vfigUxP+V6+K6UECUynhIQ==",
      "dev": true,
      "license": "CC0-1.0",
      "bin": {
        "plans-share": "bin/plans-share.mjs"
      },
      "engines": {
        "node": ">=22.11.0"
      }
    }
  }
}
