{
  "name": "skills",
  "lockfileVersion": 3,
  "requires": true,
  "packages": {
    "": {
      "name": "skills",
      "devDependencies": {
        "@paleo/docmap": "~0.9.1",
        "@paleo/plans-share": "~0.6.1",
        "@paleo/workspace": "~0.30.1"
      }
    },
    "node_modules/@paleo/docmap": {
      "version": "0.9.1",
      "resolved": "https://registry.npmjs.org/@paleo/docmap/-/docmap-0.9.1.tgz",
      "integrity": "sha512-Wag6iXxyTGVeQ4/bVrHA0mI2y1KeZ5QEb+X/bQzNoyzO8mg38qvi+J2J1ajujj81CV+DWJPXtdoE+Kc159rowA==",
      "dev": true,
      "license": "CC0-1.0",
      "bin": {
        "docmap": "bin/docmap.mjs"
      },
      "engines": {
        "node": ">=22.11.0"
      }
    },
    "node_modules/@paleo/plans-share": {
      "version": "0.6.1",
      "resolved": "https://registry.npmjs.org/@paleo/plans-share/-/plans-share-0.6.1.tgz",
      "integrity": "sha512-CdVDHVOghhRe9OWgq6T+exkev8ozBvEUmzJURHhZpSFunPgDCi6TR+jQtRH23MG2vfigUxP+V6+K6UECUynhIQ==",
      "dev": true,
      "license": "CC0-1.0",
      "bin": {
        "plans-share": "bin/plans-share.mjs"
      },
      "engines": {
        "node": ">=22.11.0"
      }
    },
    "node_modules/@paleo/workspace": {
      "version": "0.30.1",
      "resolved": "https://registry.npmjs.org/@paleo/workspace/-/workspace-0.30.1.tgz",
      "integrity": "sha512-sA/PNtpReAu7tNkqAHkwNpWJ2xwOMwZChzYgm5eZD9La29QFaJcegBc4CRFpTUeXtow4IE3Cdl2dZo0UvvvwHg==",
      "dev": true,
      "license": "CC0-1.0",
      "engines": {
        "node": ">=22.11.0"
      }
    }
  }
}
