{
  "name": "skills",
  "lockfileVersion": 3,
  "requires": true,
  "packages": {
    "": {
      "name": "skills",
      "devDependencies": {
        "@paleo/docmap": "~0.9.0",
        "@paleo/plans-share": "~0.6.0",
        "@paleo/workspace": "~0.30.1"
      }
    },
    "node_modules/@paleo/docmap": {
      "version": "0.9.0",
      "resolved": "https://registry.npmjs.org/@paleo/docmap/-/docmap-0.9.0.tgz",
      "integrity": "sha512-fbZU9ksKB3mja0G1ZXkCNWO4l4DPTEH8+LecghNO2A8UevW7uGrRcNRuO18nZgJY9fE5jhKFcnZRQ68hbNwTyg==",
      "dev": true,
      "license": "CC0-1.0",
      "bin": {
        "docmap": "bin/docmap.mjs"
      },
      "engines": {
        "node": ">=22.11.0"
      }
    },
    "node_modules/@paleo/plans-share": {
      "version": "0.6.0",
      "resolved": "https://registry.npmjs.org/@paleo/plans-share/-/plans-share-0.6.0.tgz",
      "integrity": "sha512-yppM3+oMlfvwLM9u9VDjEsuU4sPu/P6QTn9uuJ3RTsSgV5HcoJyE0pd9c61/7s9Bs1nrLGGqVypFGRdvY/PSaw==",
      "dev": true,
      "license": "CC0-1.0",
      "bin": {
        "plans-share": "bin/plans-share.mjs"
      },
      "engines": {
        "node": ">=22.11.0"
      }
    },
    "node_modules/@paleo/workspace": {
      "version": "0.30.1",
      "resolved": "https://registry.npmjs.org/@paleo/workspace/-/workspace-0.30.1.tgz",
      "integrity": "sha512-sA/PNtpReAu7tNkqAHkwNpWJ2xwOMwZChzYgm5eZD9La29QFaJcegBc4CRFpTUeXtow4IE3Cdl2dZo0UvvvwHg==",
      "dev": true,
      "license": "CC0-1.0",
      "engines": {
        "node": ">=22.11.0"
      }
    }
  }
}
